
Microsoft Visual Studio Solution File, Format Version 12.00
# Visual Studio 14
VisualStudioVersion = 14.0.25123.0
MinimumVisualStudioVersion = 10.0.40219.1
Project("{FAE04EC0-301F-11D3-BF4B-00C04F79EFBC}") = "Aqua", "Aqua\Aqua.csproj", "{1A581F78-DE12-4E50-947D-EE3E42226A26}"
EndProject
Project("{FAE04EC0-301F-11D3-BF4B-00C04F79EFBC}") = "Infrastructure", "Infrastructure\Infrastructure.csproj", "{EC8C130F-1A18-4BDB-B97B-91A62AB8A694}"
EndProject
Project("{FAE04EC0-301F-11D3-BF4B-00C04F79EFBC}") = "Tests", "Tests\Tests.csproj", "{503C2DE0-FC5F-4DEB-AC97-6F4FDBFB9505}"
EndProject
Global
	GlobalSection(SolutionConfigurationPlatforms) = preSolution
		Debug|Any CPU = Debug|Any CPU
		Release|Any CPU = Release|Any CPU
	EndGlobalSection
	GlobalSection(ProjectConfigurationPlatforms) = postSolution
		{1A581F78-DE12-4E50-947D-EE3E42226A26}.Debug|Any CPU.ActiveCfg = Debug|Any CPU
		{1A581F78-DE12-4E50-947D-EE3E42226A26}.Debug|Any CPU.Build.0 = Debug|Any CPU
		{1A581F78-DE12-4E50-947D-EE3E42226A26}.Release|Any CPU.ActiveCfg = Release|Any CPU
		{1A581F78-DE12-4E50-947D-EE3E42226A26}.Release|Any CPU.Build.0 = Release|Any CPU
		{EC8C130F-1A18-4BDB-B97B-91A62AB8A694}.Debug|Any CPU.ActiveCfg = Debug|Any CPU
		{EC8C130F-1A18-4BDB-B97B-91A62AB8A694}.Debug|Any CPU.Build.0 = Debug|Any CPU
		{EC8C130F-1A18-4BDB-B97B-91A62AB8A694}.Release|Any CPU.ActiveCfg = Release|Any CPU
		{EC8C130F-1A18-4BDB-B97B-91A62AB8A694}.Release|Any CPU.Build.0 = Release|Any CPU
		{503C2DE0-FC5F-4DEB-AC97-6F4FDBFB9505}.Debug|Any CPU.ActiveCfg = Debug|Any CPU
		{503C2DE0-FC5F-4DEB-AC97-6F4FDBFB9505}.Debug|Any CPU.Build.0 = Debug|Any CPU
		{503C2DE0-FC5F-4DEB-AC97-6F4FDBFB9505}.Release|Any CPU.ActiveCfg = Release|Any CPU
		{503C2DE0-FC5F-4DEB-AC97-6F4FDBFB9505}.Release|Any CPU.Build.0 = Release|Any CPU
	EndGlobalSection
	GlobalSection(SolutionProperties) = preSolution
		HideSolutionNode = FALSE
	EndGlobalSection
EndGlobal
